// !$*UTF8*$!
{
	archiveVersion = 1;
	classes = {
	};
	objectVersion = 55;
	objects = {

/* Begin PBXBuildFile section */
		64045CDE28230402002A4E5F /* MovieCardView.swift in Sources */ = {isa = PBXBuildFile; fileRef = 64045CDD28230401002A4E5F /* MovieCardView.swift */; };
		64045CE028230415002A4E5F /* MovieCardViewModel.swift in Sources */ = {isa = PBXBuildFile; fileRef = 64045CDF28230415002A4E5F /* MovieCardViewModel.swift */; };
		64045CE328237B7B002A4E5F /* MovieInterector.swift in Sources */ = {isa = PBXBuildFile; fileRef = 64045CE228237B7B002A4E5F /* MovieInterector.swift */; };
		64045CE728238157002A4E5F /* MovieRemoteDataSouce.swift in Sources */ = {isa = PBXBuildFile; fileRef = 64045CE628238157002A4E5F /* MovieRemoteDataSouce.swift */; };
		64045CEA282384D2002A4E5F /* AppError.swift in Sources */ = {isa = PBXBuildFile; fileRef = 64045CE9282384D2002A4E5F /* AppError.swift */; };
		64045CEC2823884A002A4E5F /* MovieResponseError.swift in Sources */ = {isa = PBXBuildFile; fileRef = 64045CEB2823884A002A4E5F /* MovieResponseError.swift */; };
		646C69512821EAB3001C476C /* MovieTMDBApp.swift in Sources */ = {isa = PBXBuildFile; fileRef = 646C69502821EAB3001C476C /* MovieTMDBApp.swift */; };
		646C69532821EAB3001C476C /* SplashView.swift in Sources */ = {isa = PBXBuildFile; fileRef = 646C69522821EAB3001C476C /* SplashView.swift */; };
		646C69552821EAB4001C476C /* Assets.xcassets in Resources */ = {isa = PBXBuildFile; fileRef = 646C69542821EAB4001C476C /* Assets.xcassets */; };
		646C69582821EAB4001C476C /* Preview Assets.xcassets in Resources */ = {isa = PBXBuildFile; fileRef = 646C69572821EAB4001C476C /* Preview Assets.xcassets */; };
		646C6963282227CC001C476C /* SplashViewModel.swift in Sources */ = {isa = PBXBuildFile; fileRef = 646C6962282227CC001C476C /* SplashViewModel.swift */; };
		646C696528222840001C476C /* SplashUiState.swift in Sources */ = {isa = PBXBuildFile; fileRef = 646C696428222840001C476C /* SplashUiState.swift */; };
		646C696B28222CFB001C476C /* MovieView.swift in Sources */ = {isa = PBXBuildFile; fileRef = 646C696A28222CFB001C476C /* MovieView.swift */; };
		646C696D28222D10001C476C /* MovieViewModel.swift in Sources */ = {isa = PBXBuildFile; fileRef = 646C696C28222D10001C476C /* MovieViewModel.swift */; };
		646C696F28222D43001C476C /* MovieUiState.swift in Sources */ = {isa = PBXBuildFile; fileRef = 646C696E28222D43001C476C /* MovieUiState.swift */; };
		646C697228222E00001C476C /* SplashViewRouter.swift in Sources */ = {isa = PBXBuildFile; fileRef = 646C697128222E00001C476C /* SplashViewRouter.swift */; };
		646C6976282233AF001C476C /* WebService.swift in Sources */ = {isa = PBXBuildFile; fileRef = 646C6975282233AF001C476C /* WebService.swift */; };
		646C697828223CE4001C476C /* MovieResponse.swift in Sources */ = {isa = PBXBuildFile; fileRef = 646C697728223CE4001C476C /* MovieResponse.swift */; };
/* End PBXBuildFile section */

/* Begin PBXFileReference section */
		64045CDD28230401002A4E5F /* MovieCardView.swift */ = {isa = PBXFileReference; lastKnownFileType = sourcecode.swift; path = MovieCardView.swift; sourceTree = "<group>"; };
		64045CDF28230415002A4E5F /* MovieCardViewModel.swift */ = {isa = PBXFileReference; lastKnownFileType = sourcecode.swift; path = MovieCardViewModel.swift; sourceTree = "<group>"; };
		64045CE228237B7B002A4E5F /* MovieInterector.swift */ = {isa = PBXFileReference; lastKnownFileType = sourcecode.swift; path = MovieInterector.swift; sourceTree = "<group>"; };
		64045CE628238157002A4E5F /* MovieRemoteDataSouce.swift */ = {isa = PBXFileReference; lastKnownFileType = sourcecode.swift; path = MovieRemoteDataSouce.swift; sourceTree = "<group>"; };
		64045CE9282384D2002A4E5F /* AppError.swift */ = {isa = PBXFileReference; lastKnownFileType = sourcecode.swift; path = AppError.swift; sourceTree = "<group>"; };
		64045CEB2823884A002A4E5F /* MovieResponseError.swift */ = {isa = PBXFileReference; lastKnownFileType = sourcecode.swift; path = MovieResponseError.swift; sourceTree = "<group>"; };
		646C694D2821EAB3001C476C /* MovieTMDB.app */ = {isa = PBXFileReference; explicitFileType = wrapper.application; includeInIndex = 0; path = MovieTMDB.app; sourceTree = BUILT_PRODUCTS_DIR; };
		646C69502821EAB3001C476C /* MovieTMDBApp.swift */ = {isa = PBXFileReference; lastKnownFileType = sourcecode.swift; path = MovieTMDBApp.swift; sourceTree = "<group>"; };
		646C69522821EAB3001C476C /* SplashView.swift */ = {isa = PBXFileReference; lastKnownFileType = sourcecode.swift; path = SplashView.swift; sourceTree = "<group>"; };
		646C69542821EAB4001C476C /* Assets.xcassets */ = {isa = PBXFileReference; lastKnownFileType = folder.assetcatalog; path = Assets.xcassets; sourceTree = "<group>"; };
		646C69572821EAB4001C476C /* Preview Assets.xcassets */ = {isa = PBXFileReference; lastKnownFileType = folder.assetcatalog; path = "Preview Assets.xcassets"; sourceTree = "<group>"; };
		646C6962282227CC001C476C /* SplashViewModel.swift */ = {isa = PBXFileReference; lastKnownFileType = sourcecode.swift; path = SplashViewModel.swift; sourceTree = "<group>"; };
		646C696428222840001C476C /* SplashUiState.swift */ = {isa = PBXFileReference; lastKnownFileType = sourcecode.swift; path = SplashUiState.swift; sourceTree = "<group>"; };
		646C696A28222CFB001C476C /* MovieView.swift */ = {isa = PBXFileReference; lastKnownFileType = sourcecode.swift; path = MovieView.swift; sourceTree = "<group>"; };
		646C696C28222D10001C476C /* MovieViewModel.swift */ = {isa = PBXFileReference; lastKnownFileType = sourcecode.swift; path = MovieViewModel.swift; sourceTree = "<group>"; };
		646C696E28222D43001C476C /* MovieUiState.swift */ = {isa = PBXFileReference; lastKnownFileType = sourcecode.swift; path = MovieUiState.swift; sourceTree = "<group>"; };
		646C697128222E00001C476C /* SplashViewRouter.swift */ = {isa = PBXFileReference; lastKnownFileType = sourcecode.swift; path = SplashViewRouter.swift; sourceTree = "<group>"; };
		646C6975282233AF001C476C /* WebService.swift */ = {isa = PBXFileReference; lastKnownFileType = sourcecode.swift; path = WebService.swift; sourceTree = "<group>"; };
		646C697728223CE4001C476C /* MovieResponse.swift */ = {isa = PBXFileReference; lastKnownFileType = sourcecode.swift; path = MovieResponse.swift; sourceTree = "<group>"; };
/* End PBXFileReference section */

/* Begin PBXFrameworksBuildPhase section */
		646C694A2821EAB3001C476C /* Frameworks */ = {
			isa = PBXFrameworksBuildPhase;
			buildActionMask = 2147483647;
			files = (
			);
			runOnlyForDeploymentPostprocessing = 0;
		};
/* End PBXFrameworksBuildPhase section */

/* Begin PBXGroup section */
		64045CE128237B64002A4E5F /* Interector */ = {
			isa = PBXGroup;
			children = (
				64045CE228237B7B002A4E5F /* MovieInterector.swift */,
				64045CE628238157002A4E5F /* MovieRemoteDataSouce.swift */,
			);
			path = Interector;
			sourceTree = "<group>";
		};
		64045CE8282384C4002A4E5F /* Model */ = {
			isa = PBXGroup;
			children = (
				64045CE9282384D2002A4E5F /* AppError.swift */,
			);
			path = Model;
			sourceTree = "<group>";
		};
		646C69442821EAB3001C476C = {
			isa = PBXGroup;
			children = (
				646C694F2821EAB3001C476C /* MovieTMDB */,
				646C694E2821EAB3001C476C /* Products */,
			);
			sourceTree = "<group>";
		};
		646C694E2821EAB3001C476C /* Products */ = {
			isa = PBXGroup;
			children = (
				646C694D2821EAB3001C476C /* MovieTMDB.app */,
			);
			name = Products;
			sourceTree = "<group>";
		};
		646C694F2821EAB3001C476C /* MovieTMDB */ = {
			isa = PBXGroup;
			children = (
				646C697328223371001C476C /* Common */,
				646C696628222CD2001C476C /* Movies */,
				646C695E28222463001C476C /* Splash */,
				646C69502821EAB3001C476C /* MovieTMDBApp.swift */,
				646C69542821EAB4001C476C /* Assets.xcassets */,
				646C69562821EAB4001C476C /* Preview Content */,
			);
			path = MovieTMDB;
			sourceTree = "<group>";
		};
		646C69562821EAB4001C476C /* Preview Content */ = {
			isa = PBXGroup;
			children = (
				646C69572821EAB4001C476C /* Preview Assets.xcassets */,
			);
			path = "Preview Content";
			sourceTree = "<group>";
		};
		646C695E28222463001C476C /* Splash */ = {
			isa = PBXGroup;
			children = (
				646C69612822247B001C476C /* View */,
				646C696028222474001C476C /* ViewModel */,
				646C695F2822246D001C476C /* Model */,
			);
			path = Splash;
			sourceTree = "<group>";
		};
		646C695F2822246D001C476C /* Model */ = {
			isa = PBXGroup;
			children = (
				646C696428222840001C476C /* SplashUiState.swift */,
			);
			path = Model;
			sourceTree = "<group>";
		};
		646C696028222474001C476C /* ViewModel */ = {
			isa = PBXGroup;
			children = (
				646C6962282227CC001C476C /* SplashViewModel.swift */,
				646C697128222E00001C476C /* SplashViewRouter.swift */,
			);
			path = ViewModel;
			sourceTree = "<group>";
		};
		646C69612822247B001C476C /* View */ = {
			isa = PBXGroup;
			children = (
				646C69522821EAB3001C476C /* SplashView.swift */,
			);
			path = View;
			sourceTree = "<group>";
		};
		646C696628222CD2001C476C /* Movies */ = {
			isa = PBXGroup;
			children = (
				64045CE128237B64002A4E5F /* Interector */,
				646C696928222CE8001C476C /* View */,
				646C696828222CE2001C476C /* ViewModel */,
				646C696728222CDC001C476C /* Model */,
			);
			path = Movies;
			sourceTree = "<group>";
		};
		646C696728222CDC001C476C /* Model */ = {
			isa = PBXGroup;
			children = (
				646C696E28222D43001C476C /* MovieUiState.swift */,
				646C697728223CE4001C476C /* MovieResponse.swift */,
				64045CEB2823884A002A4E5F /* MovieResponseError.swift */,
			);
			path = Model;
			sourceTree = "<group>";
		};
		646C696828222CE2001C476C /* ViewModel */ = {
			isa = PBXGroup;
			children = (
				646C696C28222D10001C476C /* MovieViewModel.swift */,
				64045CDF28230415002A4E5F /* MovieCardViewModel.swift */,
			);
			path = ViewModel;
			sourceTree = "<group>";
		};
		646C696928222CE8001C476C /* View */ = {
			isa = PBXGroup;
			children = (
				646C696A28222CFB001C476C /* MovieView.swift */,
				64045CDD28230401002A4E5F /* MovieCardView.swift */,
			);
			path = View;
			sourceTree = "<group>";
		};
		646C697328223371001C476C /* Common */ = {
			isa = PBXGroup;
			children = (
				64045CE8282384C4002A4E5F /* Model */,
				646C69742822337B001C476C /* Network */,
			);
			path = Common;
			sourceTree = "<group>";
		};
		646C69742822337B001C476C /* Network */ = {
			isa = PBXGroup;
			children = (
				646C6975282233AF001C476C /* WebService.swift */,
			);
			path = Network;
			sourceTree = "<group>";
		};
/* End PBXGroup section */

/* Begin PBXNativeTarget section */
		646C694C2821EAB3001C476C /* MovieTMDB */ = {
			isa = PBXNativeTarget;
			buildConfigurationList = 646C695B2821EAB4001C476C /* Build configuration list for PBXNativeTarget "MovieTMDB" */;
			buildPhases = (
				646C69492821EAB3001C476C /* Sources */,
				646C694A2821EAB3001C476C /* Frameworks */,
				646C694B2821EAB3001C476C /* Resources */,
			);
			buildRules = (
			);
			dependencies = (
			);
			name = MovieTMDB;
			productName = MovieTMDB;
			productReference = 646C694D2821EAB3001C476C /* MovieTMDB.app */;
			productType = "com.apple.product-type.application";
		};
/* End PBXNativeTarget section */

/* Begin PBXProject section */
		646C69452821EAB3001C476C /* Project object */ = {
			isa = PBXProject;
			attributes = {
				BuildIndependentTargetsInParallel = 1;
				LastSwiftUpdateCheck = 1330;
				LastUpgradeCheck = 1330;
				TargetAttributes = {
					646C694C2821EAB3001C476C = {
						CreatedOnToolsVersion = 13.3.1;
					};
				};
			};
			buildConfigurationList = 646C69482821EAB3001C476C /* Build configuration list for PBXProject "MovieTMDB" */;
			compatibilityVersion = "Xcode 13.0";
			developmentRegion = en;
			hasScannedForEncodings = 0;
			knownRegions = (
				en,
				Base,
			);
			mainGroup = 646C69442821EAB3001C476C;
			productRefGroup = 646C694E2821EAB3001C476C /* Products */;
			projectDirPath = "";
			projectRoot = "";
			targets = (
				646C694C2821EAB3001C476C /* MovieTMDB */,
			);
		};
/* End PBXProject section */

/* Begin PBXResourcesBuildPhase section */
		646C694B2821EAB3001C476C /* Resources */ = {
			isa = PBXResourcesBuildPhase;
			buildActionMask = 2147483647;
			files = (
				646C69582821EAB4001C476C /* Preview Assets.xcassets in Resources */,
				646C69552821EAB4001C476C /* Assets.xcassets in Resources */,
			);
			runOnlyForDeploymentPostprocessing = 0;
		};
/* End PBXResourcesBuildPhase section */

/* Begin PBXSourcesBuildPhase section */
		646C69492821EAB3001C476C /* Sources */ = {
			isa = PBXSourcesBuildPhase;
			buildActionMask = 2147483647;
			files = (
				646C6976282233AF001C476C /* WebService.swift in Sources */,
				646C697828223CE4001C476C /* MovieResponse.swift in Sources */,
				64045CEA282384D2002A4E5F /* AppError.swift in Sources */,
				646C697228222E00001C476C /* SplashViewRouter.swift in Sources */,
				646C696B28222CFB001C476C /* MovieView.swift in Sources */,
				64045CE328237B7B002A4E5F /* MovieInterector.swift in Sources */,
				646C696528222840001C476C /* SplashUiState.swift in Sources */,
				646C6963282227CC001C476C /* SplashViewModel.swift in Sources */,
				646C69532821EAB3001C476C /* SplashView.swift in Sources */,
				64045CDE28230402002A4E5F /* MovieCardView.swift in Sources */,
				64045CE728238157002A4E5F /* MovieRemoteDataSouce.swift in Sources */,
				646C696F28222D43001C476C /* MovieUiState.swift in Sources */,
				64045CEC2823884A002A4E5F /* MovieResponseError.swift in Sources */,
				64045CE028230415002A4E5F /* MovieCardViewModel.swift in Sources */,
				646C69512821EAB3001C476C /* MovieTMDBApp.swift in Sources */,
				646C696D28222D10001C476C /* MovieViewModel.swift in Sources */,
			);
			runOnlyForDeploymentPostprocessing = 0;
		};
/* End PBXSourcesBuildPhase section */

/* Begin XCBuildConfiguration section */
		646C69592821EAB4001C476C /* Debug */ = {
			isa = XCBuildConfiguration;
			buildSettings = {
				ALWAYS_SEARCH_USER_PATHS = NO;
				CLANG_ANALYZER_NONNULL = YES;
				CLANG_ANALYZER_NUMBER_OBJECT_CONVERSION = YES_AGGRESSIVE;
				CLANG_CXX_LANGUAGE_STANDARD = "gnu++17";
				CLANG_ENABLE_MODULES = YES;
				CLANG_ENABLE_OBJC_ARC = YES;
				CLANG_ENABLE_OBJC_WEAK = YES;
				CLANG_WARN_BLOCK_CAPTURE_AUTORELEASING = YES;
				CLANG_WARN_BOOL_CONVERSION = YES;
				CLANG_WARN_COMMA = YES;
				CLANG_WARN_CONSTANT_CONVERSION = YES;
				CLANG_WARN_DEPRECATED_OBJC_IMPLEMENTATIONS = YES;
				CLANG_WARN_DIRECT_OBJC_ISA_USAGE = YES_ERROR;
				CLANG_WARN_DOCUMENTATION_COMMENTS = YES;
				CLANG_WARN_EMPTY_BODY = YES;
				CLANG_WARN_ENUM_CONVERSION = YES;
				CLANG_WARN_INFINITE_RECURSION = YES;
				CLANG_WARN_INT_CONVERSION = YES;
				CLANG_WARN_NON_LITERAL_NULL_CONVERSION = YES;
				CLANG_WARN_OBJC_IMPLICIT_RETAIN_SELF = YES;
				CLANG_WARN_OBJC_LITERAL_CONVERSION = YES;
				CLANG_WARN_OBJC_ROOT_CLASS = YES_ERROR;
				CLANG_WARN_QUOTED_INCLUDE_IN_FRAMEWORK_HEADER = YES;
				CLANG_WARN_RANGE_LOOP_ANALYSIS = YES;
				CLANG_WARN_STRICT_PROTOTYPES = YES;
				CLANG_WARN_SUSPICIOUS_MOVE = YES;
				CLANG_WARN_UNGUARDED_AVAILABILITY = YES_AGGRESSIVE;
				CLANG_WARN_UNREACHABLE_CODE = YES;
				CLANG_WARN__DUPLICATE_METHOD_MATCH = YES;
				COPY_PHASE_STRIP = NO;
				DEBUG_INFORMATION_FORMAT = dwarf;
				ENABLE_STRICT_OBJC_MSGSEND = YES;
				ENABLE_TESTABILITY = YES;
				GCC_C_LANGUAGE_STANDARD = gnu11;
				GCC_DYNAMIC_NO_PIC = NO;
				GCC_NO_COMMON_BLOCKS = YES;
				GCC_OPTIMIZATION_LEVEL = 0;
				GCC_PREPROCESSOR_DEFINITIONS = (
					"DEBUG=1",
					"$(inherited)",
				);
				GCC_WARN_64_TO_32_BIT_CONVERSION = YES;
				GCC_WARN_ABOUT_RETURN_TYPE = YES_ERROR;
				GCC_WARN_UNDECLARED_SELECTOR = YES;
				GCC_WARN_UNINITIALIZED_AUTOS = YES_AGGRESSIVE;
				GCC_WARN_UNUSED_FUNCTION = YES;
				GCC_WARN_UNUSED_VARIABLE = YES;
				IPHONEOS_DEPLOYMENT_TARGET = 15.4;
				MTL_ENABLE_DEBUG_INFO = INCLUDE_SOURCE;
				MTL_FAST_MATH = YES;
				ONLY_ACTIVE_ARCH = YES;
				SDKROOT = iphoneos;
				SWIFT_ACTIVE_COMPILATION_CONDITIONS = DEBUG;
				SWIFT_OPTIMIZATION_LEVEL = "-Onone";
			};
			name = Debug;
		};
		646C695A2821EAB4001C476C /* Release */ = {
			isa = XCBuildConfiguration;
			buildSettings = {
				ALWAYS_SEARCH_USER_PATHS = NO;
				CLANG_ANALYZER_NONNULL = YES;
				CLANG_ANALYZER_NUMBER_OBJECT_CONVERSION = YES_AGGRESSIVE;
				CLANG_CXX_LANGUAGE_STANDARD = "gnu++17";
				CLANG_ENABLE_MODULES = YES;
				CLANG_ENABLE_OBJC_ARC = YES;
				CLANG_ENABLE_OBJC_WEAK = YES;
				CLANG_WARN_BLOCK_CAPTURE_AUTORELEASING = YES;
				CLANG_WARN_BOOL_CONVERSION = YES;
				CLANG_WARN_COMMA = YES;
				CLANG_WARN_CONSTANT_CONVERSION = YES;
				CLANG_WARN_DEPRECATED_OBJC_IMPLEMENTATIONS = YES;
				CLANG_WARN_DIRECT_OBJC_ISA_USAGE = YES_ERROR;
				CLANG_WARN_DOCUMENTATION_COMMENTS = YES;
				CLANG_WARN_EMPTY_BODY = YES;
				CLANG_WARN_ENUM_CONVERSION = YES;
				CLANG_WARN_INFINITE_RECURSION = YES;
				CLANG_WARN_INT_CONVERSION = YES;
				CLANG_WARN_NON_LITERAL_NULL_CONVERSION = YES;
				CLANG_WARN_OBJC_IMPLICIT_RETAIN_SELF = YES;
				CLANG_WARN_OBJC_LITERAL_CONVERSION = YES;
				CLANG_WARN_OBJC_ROOT_CLASS = YES_ERROR;
				CLANG_WARN_QUOTED_INCLUDE_IN_FRAMEWORK_HEADER = YES;
				CLANG_WARN_RANGE_LOOP_ANALYSIS = YES;
				CLANG_WARN_STRICT_PROTOTYPES = YES;
				CLANG_WARN_SUSPICIOUS_MOVE = YES;
				CLANG_WARN_UNGUARDED_AVAILABILITY = YES_AGGRESSIVE;
				CLANG_WARN_UNREACHABLE_CODE = YES;
				CLANG_WARN__DUPLICATE_METHOD_MATCH = YES;
				COPY_PHASE_STRIP = NO;
				DEBUG_INFORMATION_FORMAT = "dwarf-with-dsym";
				ENABLE_NS_ASSERTIONS = NO;
				ENABLE_STRICT_OBJC_MSGSEND = YES;
				GCC_C_LANGUAGE_STANDARD = gnu11;
				GCC_NO_COMMON_BLOCKS = YES;
				GCC_WARN_64_TO_32_BIT_CONVERSION = YES;
				GCC_WARN_ABOUT_RETURN_TYPE = YES_ERROR;
				GCC_WARN_UNDECLARED_SELECTOR = YES;
				GCC_WARN_UNINITIALIZED_AUTOS = YES_AGGRESSIVE;
				GCC_WARN_UNUSED_FUNCTION = YES;
				GCC_WARN_UNUSED_VARIABLE = YES;
				IPHONEOS_DEPLOYMENT_TARGET = 15.4;
				MTL_ENABLE_DEBUG_INFO = NO;
				MTL_FAST_MATH = YES;
				SDKROOT = iphoneos;
				SWIFT_COMPILATION_MODE = wholemodule;
				SWIFT_OPTIMIZATION_LEVEL = "-O";
				VALIDATE_PRODUCT = YES;
			};
			name = Release;
		};
		646C695C2821EAB4001C476C /* Debug */ = {
			isa = XCBuildConfiguration;
			buildSettings = {
				ASSETCATALOG_COMPILER_APPICON_NAME = AppIcon;
				ASSETCATALOG_COMPILER_GLOBAL_ACCENT_COLOR_NAME = AccentColor;
				CODE_SIGN_STYLE = Automatic;
				CURRENT_PROJECT_VERSION = 1;
				DEVELOPMENT_ASSET_PATHS = "\"MovieTMDB/Preview Content\"";
				DEVELOPMENT_TEAM = VM23EZY4K2;
				ENABLE_PREVIEWS = YES;
				GENERATE_INFOPLIST_FILE = YES;
				INFOPLIST_KEY_UIApplicationSceneManifest_Generation = YES;
				INFOPLIST_KEY_UIApplicationSupportsIndirectInputEvents = YES;
				INFOPLIST_KEY_UILaunchScreen_Generation = YES;
				INFOPLIST_KEY_UISupportedInterfaceOrientations_iPad = "UIInterfaceOrientationPortrait UIInterfaceOrientationPortraitUpsideDown UIInterfaceOrientationLandscapeLeft UIInterfaceOrientationLandscapeRight";
				INFOPLIST_KEY_UISupportedInterfaceOrientations_iPhone = "UIInterfaceOrientationPortrait UIInterfaceOrientationLandscapeLeft UIInterfaceOrientationLandscapeRight";
				LD_RUNPATH_SEARCH_PATHS = (
					"$(inherited)",
					"@executable_path/Frameworks",
				);
				MARKETING_VERSION = 1.0;
				PRODUCT_BUNDLE_IDENTIFIER = com.gomeszx.MovieTMDB;
				PRODUCT_NAME = "$(TARGET_NAME)";
				SWIFT_EMIT_LOC_STRINGS = YES;
				SWIFT_VERSION = 5.0;
				TARGETED_DEVICE_FAMILY = "1,2";
			};
			name = Debug;
		};
		646C695D2821EAB4001C476C /* Release */ = {
			isa = XCBuildConfiguration;
			buildSettings = {
				ASSETCATALOG_COMPILER_APPICON_NAME = AppIcon;
				ASSETCATALOG_COMPILER_GLOBAL_ACCENT_COLOR_NAME = AccentColor;
				CODE_SIGN_STYLE = Automatic;
				CURRENT_PROJECT_VERSION = 1;
				DEVELOPMENT_ASSET_PATHS = "\"MovieTMDB/Preview Content\"";
				DEVELOPMENT_TEAM = VM23EZY4K2;
				ENABLE_PREVIEWS = YES;
				GENERATE_INFOPLIST_FILE = YES;
				INFOPLIST_KEY_UIApplicationSceneManifest_Generation = YES;
				INFOPLIST_KEY_UIApplicationSupportsIndirectInputEvents = YES;
				INFOPLIST_KEY_UILaunchScreen_Generation = YES;
				INFOPLIST_KEY_UISupportedInterfaceOrientations_iPad = "UIInterfaceOrientationPortrait UIInterfaceOrientationPortraitUpsideDown UIInterfaceOrientationLandscapeLeft UIInterfaceOrientationLandscapeRight";
				INFOPLIST_KEY_UISupportedInterfaceOrientations_iPhone = "UIInterfaceOrientationPortrait UIInterfaceOrientationLandscapeLeft UIInterfaceOrientationLandscapeRight";
				LD_RUNPATH_SEARCH_PATHS = (
					"$(inherited)",
					"@executable_path/Frameworks",
				);
				MARKETING_VERSION = 1.0;
				PRODUCT_BUNDLE_IDENTIFIER = com.gomeszx.MovieTMDB;
				PRODUCT_NAME = "$(TARGET_NAME)";
				SWIFT_EMIT_LOC_STRINGS = YES;
				SWIFT_VERSION = 5.0;
				TARGETED_DEVICE_FAMILY = "1,2";
			};
			name = Release;
		};
/* End XCBuildConfiguration section */

/* Begin XCConfigurationList section */
		646C69482821EAB3001C476C /* Build configuration list for PBXProject "MovieTMDB" */ = {
			isa = XCConfigurationList;
			buildConfigurations = (
				646C69592821EAB4001C476C /* Debug */,
				646C695A2821EAB4001C476C /* Release */,
			);
			defaultConfigurationIsVisible = 0;
			defaultConfigurationName = Release;
		};
		646C695B2821EAB4001C476C /* Build configuration list for PBXNativeTarget "MovieTMDB" */ = {
			isa = XCConfigurationList;
			buildConfigurations = (
				646C695C2821EAB4001C476C /* Debug */,
				646C695D2821EAB4001C476C /* Release */,
			);
			defaultConfigurationIsVisible = 0;
			defaultConfigurationName = Release;
		};
/* End XCConfigurationList section */
	};
	rootObject = 646C69452821EAB3001C476C /* Project object */;
}
